// !$*UTF8*$!
{
	archiveVersion = 1;
	classes = {
	};
	objectVersion = 56;
	objects = {

/* Begin PBXBuildFile section */
		FB09A8C12CB43C1000BADC4C /* AppDelegate.swift in Sources */ = {isa = PBXBuildFile; fileRef = FB09A8C02CB43C1000BADC4C /* AppDelegate.swift */; };
		FB09A8C32CB43C1000BADC4C /* SceneDelegate.swift in Sources */ = {isa = PBXBuildFile; fileRef = FB09A8C22CB43C1000BADC4C /* SceneDelegate.swift */; };
		FB09A8C82CB43C1000BADC4C /* Base in Resources */ = {isa = PBXBuildFile; fileRef = FB09A8C72CB43C1000BADC4C /* Base */; };
		FB09A8CA2CB43C1100BADC4C /* Assets.xcassets in Resources */ = {isa = PBXBuildFile; fileRef = FB09A8C92CB43C1100BADC4C /* Assets.xcassets */; };
		FB09A8CD2CB43C1100BADC4C /* Base in Resources */ = {isa = PBXBuildFile; fileRef = FB09A8CC2CB43C1100BADC4C /* Base */; };
		FB09A8D82CB43C1100BADC4C /* boceto_2_CellViewTests.swift in Sources */ = {isa = PBXBuildFile; fileRef = FB09A8D72CB43C1100BADC4C /* boceto_2_CellViewTests.swift */; };
		FB09A8E22CB43C1100BADC4C /* boceto_2_CellViewUITests.swift in Sources */ = {isa = PBXBuildFile; fileRef = FB09A8E12CB43C1100BADC4C /* boceto_2_CellViewUITests.swift */; };
		FB09A8E42CB43C1100BADC4C /* boceto_2_CellViewUITestsLaunchTests.swift in Sources */ = {isa = PBXBuildFile; fileRef = FB09A8E32CB43C1100BADC4C /* boceto_2_CellViewUITestsLaunchTests.swift */; };
		FB09A8F32CB4416500BADC4C /* ControladorPantallaPrincipalDeColeccion.swift in Sources */ = {isa = PBXBuildFile; fileRef = FB09A8F22CB4416500BADC4C /* ControladorPantallaPrincipalDeColeccion.swift */; };
		FB1522482CB988BF00DC0265 /* EstiloCellViewControllerCelular.swift in Sources */ = {isa = PBXBuildFile; fileRef = FB1522472CB988BF00DC0265 /* EstiloCellViewControllerCelular.swift */; };
		FB6CD1072CB983C6001FA911 /* VistaDeZelda.swift in Sources */ = {isa = PBXBuildFile; fileRef = FB6CD1062CB983C6001FA911 /* VistaDeZelda.swift */; };
		FB6CD1092CB98430001FA911 /* ControladorPantallaDelPost.swift in Sources */ = {isa = PBXBuildFile; fileRef = FB6CD1082CB98430001FA911 /* ControladorPantallaDelPost.swift */; };
		FB6CD10C2CB984F9001FA911 /* mod_navegador_principal.swift in Sources */ = {isa = PBXBuildFile; fileRef = FB6CD10B2CB984F9001FA911 /* mod_navegador_principal.swift */; };
		FB6CD1102CB985C9001FA911 /* posts.swift in Sources */ = {isa = PBXBuildFile; fileRef = FB6CD10F2CB985C9001FA911 /* posts.swift */; };
		FB6CD1122CB98610001FA911 /* proveedor_publicaciones.swift in Sources */ = {isa = PBXBuildFile; fileRef = FB6CD1112CB98610001FA911 /* proveedor_publicaciones.swift */; };
		FBD298B32CCBF23400E45CD6 /* Comentario.swift in Sources */ = {isa = PBXBuildFile; fileRef = FBD298B22CCBF23400E45CD6 /* Comentario.swift */; };
		FBD298B52CCBF28600E45CD6 /* Usuarios.swift in Sources */ = {isa = PBXBuildFile; fileRef = FBD298B42CCBF28600E45CD6 /* Usuarios.swift */; };
		FBE774DC2CDBDA5900A28B13 /* VistaZeldaComentario.swift in Sources */ = {isa = PBXBuildFile; fileRef = FBE774DB2CDBDA5900A28B13 /* VistaZeldaComentario.swift */; };
/* End PBXBuildFile section */

/* Begin PBXContainerItemProxy section */
		FB09A8D42CB43C1100BADC4C /* PBXContainerItemProxy */ = {
			isa = PBXContainerItemProxy;
			containerPortal = FB09A8B52CB43C1000BADC4C /* Project object */;
			proxyType = 1;
			remoteGlobalIDString = FB09A8BC2CB43C1000BADC4C;
			remoteInfo = boceto_2_CellView;
		};
		FB09A8DE2CB43C1100BADC4C /* PBXContainerItemProxy */ = {
			isa = PBXContainerItemProxy;
			containerPortal = FB09A8B52CB43C1000BADC4C /* Project object */;
			proxyType = 1;
			remoteGlobalIDString = FB09A8BC2CB43C1000BADC4C;
			remoteInfo = boceto_2_CellView;
		};
/* End PBXContainerItemProxy section */

/* Begin PBXFileReference section */
		FB09A8BD2CB43C1000BADC4C /* boceto_2_CellView.app */ = {isa = PBXFileReference; explicitFileType = wrapper.application; includeInIndex = 0; path = boceto_2_CellView.app; sourceTree = BUILT_PRODUCTS_DIR; };
		FB09A8C02CB43C1000BADC4C /* AppDelegate.swift */ = {isa = PBXFileReference; lastKnownFileType = sourcecode.swift; path = AppDelegate.swift; sourceTree = "<group>"; };
		FB09A8C22CB43C1000BADC4C /* SceneDelegate.swift */ = {isa = PBXFileReference; lastKnownFileType = sourcecode.swift; path = SceneDelegate.swift; sourceTree = "<group>"; };
		FB09A8C72CB43C1000BADC4C /* Base */ = {isa = PBXFileReference; lastKnownFileType = file.storyboard; name = Base; path = Base.lproj/Main.storyboard; sourceTree = "<group>"; };
		FB09A8C92CB43C1100BADC4C /* Assets.xcassets */ = {isa = PBXFileReference; lastKnownFileType = folder.assetcatalog; path = Assets.xcassets; sourceTree = "<group>"; };
		FB09A8CC2CB43C1100BADC4C /* Base */ = {isa = PBXFileReference; lastKnownFileType = file.storyboard; name = Base; path = Base.lproj/LaunchScreen.storyboard; sourceTree = "<group>"; };
		FB09A8CE2CB43C1100BADC4C /* Info.plist */ = {isa = PBXFileReference; lastKnownFileType = text.plist.xml; path = Info.plist; sourceTree = "<group>"; };
		FB09A8D32CB43C1100BADC4C /* boceto_2_CellViewTests.xctest */ = {isa = PBXFileReference; explicitFileType = wrapper.cfbundle; includeInIndex = 0; path = boceto_2_CellViewTests.xctest; sourceTree = BUILT_PRODUCTS_DIR; };
		FB09A8D72CB43C1100BADC4C /* boceto_2_CellViewTests.swift */ = {isa = PBXFileReference; lastKnownFileType = sourcecode.swift; path = boceto_2_CellViewTests.swift; sourceTree = "<group>"; };
		FB09A8DD2CB43C1100BADC4C /* boceto_2_CellViewUITests.xctest */ = {isa = PBXFileReference; explicitFileType = wrapper.cfbundle; includeInIndex = 0; path = boceto_2_CellViewUITests.xctest; sourceTree = BUILT_PRODUCTS_DIR; };
		FB09A8E12CB43C1100BADC4C /* boceto_2_CellViewUITests.swift */ = {isa = PBXFileReference; lastKnownFileType = sourcecode.swift; path = boceto_2_CellViewUITests.swift; sourceTree = "<group>"; };
		FB09A8E32CB43C1100BADC4C /* boceto_2_CellViewUITestsLaunchTests.swift */ = {isa = PBXFileReference; lastKnownFileType = sourcecode.swift; path = boceto_2_CellViewUITestsLaunchTests.swift; sourceTree = "<group>"; };
		FB09A8F22CB4416500BADC4C /* ControladorPantallaPrincipalDeColeccion.swift */ = {isa = PBXFileReference; lastKnownFileType = sourcecode.swift; path = ControladorPantallaPrincipalDeColeccion.swift; sourceTree = "<group>"; };
		FB1522472CB988BF00DC0265 /* EstiloCellViewControllerCelular.swift */ = {isa = PBXFileReference; lastKnownFileType = sourcecode.swift; path = EstiloCellViewControllerCelular.swift; sourceTree = "<group>"; };
		FB6CD1062CB983C6001FA911 /* VistaDeZelda.swift */ = {isa = PBXFileReference; fileEncoding = 4; lastKnownFileType = sourcecode.swift; path = VistaDeZelda.swift; sourceTree = "<group>"; };
		FB6CD1082CB98430001FA911 /* ControladorPantallaDelPost.swift */ = {isa = PBXFileReference; lastKnownFileType = sourcecode.swift; path = ControladorPantallaDelPost.swift; sourceTree = "<group>"; };
		FB6CD10B2CB984F9001FA911 /* mod_navegador_principal.swift */ = {isa = PBXFileReference; lastKnownFileType = sourcecode.swift; path = mod_navegador_principal.swift; sourceTree = "<group>"; };
		FB6CD10F2CB985C9001FA911 /* posts.swift */ = {isa = PBXFileReference; lastKnownFileType = sourcecode.swift; path = posts.swift; sourceTree = "<group>"; };
		FB6CD1112CB98610001FA911 /* proveedor_publicaciones.swift */ = {isa = PBXFileReference; lastKnownFileType = sourcecode.swift; path = proveedor_publicaciones.swift; sourceTree = "<group>"; };
		FBD298B22CCBF23400E45CD6 /* Comentario.swift */ = {isa = PBXFileReference; lastKnownFileType = sourcecode.swift; path = Comentario.swift; sourceTree = "<group>"; };
		FBD298B42CCBF28600E45CD6 /* Usuarios.swift */ = {isa = PBXFileReference; lastKnownFileType = sourcecode.swift; path = Usuarios.swift; sourceTree = "<group>"; };
		FBE774DB2CDBDA5900A28B13 /* VistaZeldaComentario.swift */ = {isa = PBXFileReference; lastKnownFileType = sourcecode.swift; path = VistaZeldaComentario.swift; sourceTree = "<group>"; };
/* End PBXFileReference section */

/* Begin PBXFrameworksBuildPhase section */
		FB09A8BA2CB43C1000BADC4C /* Frameworks */ = {
			isa = PBXFrameworksBuildPhase;
			buildActionMask = 2147483647;
			files = (
			);
			runOnlyForDeploymentPostprocessing = 0;
		};
		FB09A8D02CB43C1100BADC4C /* Frameworks */ = {
			isa = PBXFrameworksBuildPhase;
			buildActionMask = 2147483647;
			files = (
			);
			runOnlyForDeploymentPostprocessing = 0;
		};
		FB09A8DA2CB43C1100BADC4C /* Frameworks */ = {
			isa = PBXFrameworksBuildPhase;
			buildActionMask = 2147483647;
			files = (
			);
			runOnlyForDeploymentPostprocessing = 0;
		};
/* End PBXFrameworksBuildPhase section */

/* Begin PBXGroup section */
		FB09A8B42CB43C1000BADC4C = {
			isa = PBXGroup;
			children = (
				FB09A8BF2CB43C1000BADC4C /* boceto_2_CellView */,
				FB09A8D62CB43C1100BADC4C /* boceto_2_CellViewTests */,
				FB09A8E02CB43C1100BADC4C /* boceto_2_CellViewUITests */,
				FB09A8BE2CB43C1000BADC4C /* Products */,
			);
			sourceTree = "<group>";
		};
		FB09A8BE2CB43C1000BADC4C /* Products */ = {
			isa = PBXGroup;
			children = (
				FB09A8BD2CB43C1000BADC4C /* boceto_2_CellView.app */,
				FB09A8D32CB43C1100BADC4C /* boceto_2_CellViewTests.xctest */,
				FB09A8DD2CB43C1100BADC4C /* boceto_2_CellViewUITests.xctest */,
			);
			name = Products;
			sourceTree = "<group>";
		};
		FB09A8BF2CB43C1000BADC4C /* boceto_2_CellView */ = {
			isa = PBXGroup;
			children = (
				FB6CD10E2CB985A7001FA911 /* proveedor */,
				FB6CD10D2CB9859F001FA911 /* modelos */,
				FB09A8F02CB43FDF00BADC4C /* controladores_de_pantallas */,
				FB09A8C02CB43C1000BADC4C /* AppDelegate.swift */,
				FB09A8C22CB43C1000BADC4C /* SceneDelegate.swift */,
				FB09A8C62CB43C1000BADC4C /* Main.storyboard */,
				FB09A8C92CB43C1100BADC4C /* Assets.xcassets */,
				FB09A8CB2CB43C1100BADC4C /* LaunchScreen.storyboard */,
				FB09A8CE2CB43C1100BADC4C /* Info.plist */,
			);
			path = boceto_2_CellView;
			sourceTree = "<group>";
		};
		FB09A8D62CB43C1100BADC4C /* boceto_2_CellViewTests */ = {
			isa = PBXGroup;
			children = (
				FB09A8D72CB43C1100BADC4C /* boceto_2_CellViewTests.swift */,
			);
			path = boceto_2_CellViewTests;
			sourceTree = "<group>";
		};
		FB09A8E02CB43C1100BADC4C /* boceto_2_CellViewUITests */ = {
			isa = PBXGroup;
			children = (
				FB09A8E12CB43C1100BADC4C /* boceto_2_CellViewUITests.swift */,
				FB09A8E32CB43C1100BADC4C /* boceto_2_CellViewUITestsLaunchTests.swift */,
			);
			path = boceto_2_CellViewUITests;
			sourceTree = "<group>";
		};
		FB09A8F02CB43FDF00BADC4C /* controladores_de_pantallas */ = {
			isa = PBXGroup;
			children = (
				FB6CD10A2CB984C6001FA911 /* estilos */,
				FB09A8F12CB43FFE00BADC4C /* vista_de_celdas */,
				FB6CD1082CB98430001FA911 /* ControladorPantallaDelPost.swift */,
			);
			path = controladores_de_pantallas;
			sourceTree = "<group>";
		};
		FB09A8F12CB43FFE00BADC4C /* vista_de_celdas */ = {
			isa = PBXGroup;
			children = (
				FB6CD1062CB983C6001FA911 /* VistaDeZelda.swift */,
				FB09A8F22CB4416500BADC4C /* ControladorPantallaPrincipalDeColeccion.swift */,
				FBE774DB2CDBDA5900A28B13 /* VistaZeldaComentario.swift */,
			);
			path = vista_de_celdas;
			sourceTree = "<group>";
		};
		FB6CD10A2CB984C6001FA911 /* estilos */ = {
			isa = PBXGroup;
			children = (
				FB6CD10B2CB984F9001FA911 /* mod_navegador_principal.swift */,
				FB1522472CB988BF00DC0265 /* EstiloCellViewControllerCelular.swift */,
			);
			path = estilos;
			sourceTree = "<group>";
		};
		FB6CD10D2CB9859F001FA911 /* modelos */ = {
			isa = PBXGroup;
			children = (
				FB6CD10F2CB985C9001FA911 /* posts.swift */,
				FBD298B22CCBF23400E45CD6 /* Comentario.swift */,
				FBD298B42CCBF28600E45CD6 /* Usuarios.swift */,
			);
			path = modelos;
			sourceTree = "<group>";
		};
		FB6CD10E2CB985A7001FA911 /* proveedor */ = {
			isa = PBXGroup;
			children = (
				FB6CD1112CB98610001FA911 /* proveedor_publicaciones.swift */,
			);
			path = proveedor;
			sourceTree = "<group>";
		};
/* End PBXGroup section */

/* Begin PBXNativeTarget section */
		FB09A8BC2CB43C1000BADC4C /* boceto_2_CellView */ = {
			isa = PBXNativeTarget;
			buildConfigurationList = FB09A8E72CB43C1100BADC4C /* Build configuration list for PBXNativeTarget "boceto_2_CellView" */;
			buildPhases = (
				FB09A8B92CB43C1000BADC4C /* Sources */,
				FB09A8BA2CB43C1000BADC4C /* Frameworks */,
				FB09A8BB2CB43C1000BADC4C /* Resources */,
			);
			buildRules = (
			);
			dependencies = (
			);
			name = boceto_2_CellView;
			productName = boceto_2_CellView;
			productReference = FB09A8BD2CB43C1000BADC4C /* boceto_2_CellView.app */;
			productType = "com.apple.product-type.application";
		};
		FB09A8D22CB43C1100BADC4C /* boceto_2_CellViewTests */ = {
			isa = PBXNativeTarget;
			buildConfigurationList = FB09A8EA2CB43C1100BADC4C /* Build configuration list for PBXNativeTarget "boceto_2_CellViewTests" */;
			buildPhases = (
				FB09A8CF2CB43C1100BADC4C /* Sources */,
				FB09A8D02CB43C1100BADC4C /* Frameworks */,
				FB09A8D12CB43C1100BADC4C /* Resources */,
			);
			buildRules = (
			);
			dependencies = (
				FB09A8D52CB43C1100BADC4C /* PBXTargetDependency */,
			);
			name = boceto_2_CellViewTests;
			productName = boceto_2_CellViewTests;
			productReference = FB09A8D32CB43C1100BADC4C /* boceto_2_CellViewTests.xctest */;
			productType = "com.apple.product-type.bundle.unit-test";
		};
		FB09A8DC2CB43C1100BADC4C /* boceto_2_CellViewUITests */ = {
			isa = PBXNativeTarget;
			buildConfigurationList = FB09A8ED2CB43C1100BADC4C /* Build configuration list for PBXNativeTarget "boceto_2_CellViewUITests" */;
			buildPhases = (
				FB09A8D92CB43C1100BADC4C /* Sources */,
				FB09A8DA2CB43C1100BADC4C /* Frameworks */,
				FB09A8DB2CB43C1100BADC4C /* Resources */,
			);
			buildRules = (
			);
			dependencies = (
				FB09A8DF2CB43C1100BADC4C /* PBXTargetDependency */,
			);
			name = boceto_2_CellViewUITests;
			productName = boceto_2_CellViewUITests;
			productReference = FB09A8DD2CB43C1100BADC4C /* boceto_2_CellViewUITests.xctest */;
			productType = "com.apple.product-type.bundle.ui-testing";
		};
/* End PBXNativeTarget section */

/* Begin PBXProject section */
		FB09A8B52CB43C1000BADC4C /* Project object */ = {
			isa = PBXProject;
			attributes = {
				BuildIndependentTargetsInParallel = 1;
				LastSwiftUpdateCheck = 1540;
				LastUpgradeCheck = 1540;
				TargetAttributes = {
					FB09A8BC2CB43C1000BADC4C = {
						CreatedOnToolsVersion = 15.4;
					};
					FB09A8D22CB43C1100BADC4C = {
						CreatedOnToolsVersion = 15.4;
						TestTargetID = FB09A8BC2CB43C1000BADC4C;
					};
					FB09A8DC2CB43C1100BADC4C = {
						CreatedOnToolsVersion = 15.4;
						TestTargetID = FB09A8BC2CB43C1000BADC4C;
					};
				};
			};
			buildConfigurationList = FB09A8B82CB43C1000BADC4C /* Build configuration list for PBXProject "boceto_2_CellView" */;
			compatibilityVersion = "Xcode 14.0";
			developmentRegion = en;
			hasScannedForEncodings = 0;
			knownRegions = (
				en,
				Base,
			);
			mainGroup = FB09A8B42CB43C1000BADC4C;
			productRefGroup = FB09A8BE2CB43C1000BADC4C /* Products */;
			projectDirPath = "";
			projectRoot = "";
			targets = (
				FB09A8BC2CB43C1000BADC4C /* boceto_2_CellView */,
				FB09A8D22CB43C1100BADC4C /* boceto_2_CellViewTests */,
				FB09A8DC2CB43C1100BADC4C /* boceto_2_CellViewUITests */,
			);
		};
/* End PBXProject section */

/* Begin PBXResourcesBuildPhase section */
		FB09A8BB2CB43C1000BADC4C /* Resources */ = {
			isa = PBXResourcesBuildPhase;
			buildActionMask = 2147483647;
			files = (
				FB09A8CA2CB43C1100BADC4C /* Assets.xcassets in Resources */,
				FB09A8CD2CB43C1100BADC4C /* Base in Resources */,
				FB09A8C82CB43C1000BADC4C /* Base in Resources */,
			);
			runOnlyForDeploymentPostprocessing = 0;
		};
		FB09A8D12CB43C1100BADC4C /* Resources */ = {
			isa = PBXResourcesBuildPhase;
			buildActionMask = 2147483647;
			files = (
			);
			runOnlyForDeploymentPostprocessing = 0;
		};
		FB09A8DB2CB43C1100BADC4C /* Resources */ = {
			isa = PBXResourcesBuildPhase;
			buildActionMask = 2147483647;
			files = (
			);
			runOnlyForDeploymentPostprocessing = 0;
		};
/* End PBXResourcesBuildPhase section */

/* Begin PBXSourcesBuildPhase section */
		FB09A8B92CB43C1000BADC4C /* Sources */ = {
			isa = PBXSourcesBuildPhase;
			buildActionMask = 2147483647;
			files = (
				FB6CD10C2CB984F9001FA911 /* mod_navegador_principal.swift in Sources */,
				FBE774DC2CDBDA5900A28B13 /* VistaZeldaComentario.swift in Sources */,
				FB09A8F32CB4416500BADC4C /* ControladorPantallaPrincipalDeColeccion.swift in Sources */,
				FB6CD1072CB983C6001FA911 /* VistaDeZelda.swift in Sources */,
				FBD298B52CCBF28600E45CD6 /* Usuarios.swift in Sources */,
				FB6CD1092CB98430001FA911 /* ControladorPantallaDelPost.swift in Sources */,
				FBD298B32CCBF23400E45CD6 /* Comentario.swift in Sources */,
				FB09A8C12CB43C1000BADC4C /* AppDelegate.swift in Sources */,
				FB1522482CB988BF00DC0265 /* EstiloCellViewControllerCelular.swift in Sources */,
				FB09A8C32CB43C1000BADC4C /* SceneDelegate.swift in Sources */,
				FB6CD1122CB98610001FA911 /* proveedor_publicaciones.swift in Sources */,
				FB6CD1102CB985C9001FA911 /* posts.swift in Sources */,
			);
			runOnlyForDeploymentPostprocessing = 0;
		};
		FB09A8CF2CB43C1100BADC4C /* Sources */ = {
			isa = PBXSourcesBuildPhase;
			buildActionMask = 2147483647;
			files = (
				FB09A8D82CB43C1100BADC4C /* boceto_2_CellViewTests.swift in Sources */,
			);
			runOnlyForDeploymentPostprocessing = 0;
		};
		FB09A8D92CB43C1100BADC4C /* Sources */ = {
			isa = PBXSourcesBuildPhase;
			buildActionMask = 2147483647;
			files = (
				FB09A8E42CB43C1100BADC4C /* boceto_2_CellViewUITestsLaunchTests.swift in Sources */,
				FB09A8E22CB43C1100BADC4C /* boceto_2_CellViewUITests.swift in Sources */,
			);
			runOnlyForDeploymentPostprocessing = 0;
		};
/* End PBXSourcesBuildPhase section */

/* Begin PBXTargetDependency section */
		FB09A8D52CB43C1100BADC4C /* PBXTargetDependency */ = {
			isa = PBXTargetDependency;
			target = FB09A8BC2CB43C1000BADC4C /* boceto_2_CellView */;
			targetProxy = FB09A8D42CB43C1100BADC4C /* PBXContainerItemProxy */;
		};
		FB09A8DF2CB43C1100BADC4C /* PBXTargetDependency */ = {
			isa = PBXTargetDependency;
			target = FB09A8BC2CB43C1000BADC4C /* boceto_2_CellView */;
			targetProxy = FB09A8DE2CB43C1100BADC4C /* PBXContainerItemProxy */;
		};
/* End PBXTargetDependency section */

/* Begin PBXVariantGroup section */
		FB09A8C62CB43C1000BADC4C /* Main.storyboard */ = {
			isa = PBXVariantGroup;
			children = (
				FB09A8C72CB43C1000BADC4C /* Base */,
			);
			name = Main.storyboard;
			sourceTree = "<group>";
		};
		FB09A8CB2CB43C1100BADC4C /* LaunchScreen.storyboard */ = {
			isa = PBXVariantGroup;
			children = (
				FB09A8CC2CB43C1100BADC4C /* Base */,
			);
			name = LaunchScreen.storyboard;
			sourceTree = "<group>";
		};
/* End PBXVariantGroup section */

/* Begin XCBuildConfiguration section */
		FB09A8E52CB43C1100BADC4C /* Debug */ = {
			isa = XCBuildConfiguration;
			buildSettings = {
				ALWAYS_SEARCH_USER_PATHS = NO;
				ASSETCATALOG_COMPILER_GENERATE_SWIFT_ASSET_SYMBOL_EXTENSIONS = YES;
				CLANG_ANALYZER_NONNULL = YES;
				CLANG_ANALYZER_NUMBER_OBJECT_CONVERSION = YES_AGGRESSIVE;
				CLANG_CXX_LANGUAGE_STANDARD = "gnu++20";
				CLANG_ENABLE_MODULES = YES;
				CLANG_ENABLE_OBJC_ARC = YES;
				CLANG_ENABLE_OBJC_WEAK = YES;
				CLANG_WARN_BLOCK_CAPTURE_AUTORELEASING = YES;
				CLANG_WARN_BOOL_CONVERSION = YES;
				CLANG_WARN_COMMA = YES;
				CLANG_WARN_CONSTANT_CONVERSION = YES;
				CLANG_WARN_DEPRECATED_OBJC_IMPLEMENTATIONS = YES;
				CLANG_WARN_DIRECT_OBJC_ISA_USAGE = YES_ERROR;
				CLANG_WARN_DOCUMENTATION_COMMENTS = YES;
				CLANG_WARN_EMPTY_BODY = YES;
				CLANG_WARN_ENUM_CONVERSION = YES;
				CLANG_WARN_INFINITE_RECURSION = YES;
				CLANG_WARN_INT_CONVERSION = YES;
				CLANG_WARN_NON_LITERAL_NULL_CONVERSION = YES;
				CLANG_WARN_OBJC_IMPLICIT_RETAIN_SELF = YES;
				CLANG_WARN_OBJC_LITERAL_CONVERSION = YES;
				CLANG_WARN_OBJC_ROOT_CLASS = YES_ERROR;
				CLANG_WARN_QUOTED_INCLUDE_IN_FRAMEWORK_HEADER = YES;
				CLANG_WARN_RANGE_LOOP_ANALYSIS = YES;
				CLANG_WARN_STRICT_PROTOTYPES = YES;
				CLANG_WARN_SUSPICIOUS_MOVE = YES;
				CLANG_WARN_UNGUARDED_AVAILABILITY = YES_AGGRESSIVE;
				CLANG_WARN_UNREACHABLE_CODE = YES;
				CLANG_WARN__DUPLICATE_METHOD_MATCH = YES;
				COPY_PHASE_STRIP = NO;
				DEBUG_INFORMATION_FORMAT = dwarf;
				ENABLE_STRICT_OBJC_MSGSEND = YES;
				ENABLE_TESTABILITY = YES;
				ENABLE_USER_SCRIPT_SANDBOXING = YES;
				GCC_C_LANGUAGE_STANDARD = gnu17;
				GCC_DYNAMIC_NO_PIC = NO;
				GCC_NO_COMMON_BLOCKS = YES;
				GCC_OPTIMIZATION_LEVEL = 0;
				GCC_PREPROCESSOR_DEFINITIONS = (
					"DEBUG=1",
					"$(inherited)",
				);
				GCC_WARN_64_TO_32_BIT_CONVERSION = YES;
				GCC_WARN_ABOUT_RETURN_TYPE = YES_ERROR;
				GCC_WARN_UNDECLARED_SELECTOR = YES;
				GCC_WARN_UNINITIALIZED_AUTOS = YES_AGGRESSIVE;
				GCC_WARN_UNUSED_FUNCTION = YES;
				GCC_WARN_UNUSED_VARIABLE = YES;
				IPHONEOS_DEPLOYMENT_TARGET = 17.5;
				LOCALIZATION_PREFERS_STRING_CATALOGS = YES;
				MTL_ENABLE_DEBUG_INFO = INCLUDE_SOURCE;
				MTL_FAST_MATH = YES;
				ONLY_ACTIVE_ARCH = YES;
				SDKROOT = iphoneos;
				SWIFT_ACTIVE_COMPILATION_CONDITIONS = "DEBUG $(inherited)";
				SWIFT_OPTIMIZATION_LEVEL = "-Onone";
			};
			name = Debug;
		};
		FB09A8E62CB43C1100BADC4C /* Release */ = {
			isa = XCBuildConfiguration;
			buildSettings = {
				ALWAYS_SEARCH_USER_PATHS = NO;
				ASSETCATALOG_COMPILER_GENERATE_SWIFT_ASSET_SYMBOL_EXTENSIONS = YES;
				CLANG_ANALYZER_NONNULL = YES;
				CLANG_ANALYZER_NUMBER_OBJECT_CONVERSION = YES_AGGRESSIVE;
				CLANG_CXX_LANGUAGE_STANDARD = "gnu++20";
				CLANG_ENABLE_MODULES = YES;
				CLANG_ENABLE_OBJC_ARC = YES;
				CLANG_ENABLE_OBJC_WEAK = YES;
				CLANG_WARN_BLOCK_CAPTURE_AUTORELEASING = YES;
				CLANG_WARN_BOOL_CONVERSION = YES;
				CLANG_WARN_COMMA = YES;
				CLANG_WARN_CONSTANT_CONVERSION = YES;
				CLANG_WARN_DEPRECATED_OBJC_IMPLEMENTATIONS = YES;
				CLANG_WARN_DIRECT_OBJC_ISA_USAGE = YES_ERROR;
				CLANG_WARN_DOCUMENTATION_COMMENTS = YES;
				CLANG_WARN_EMPTY_BODY = YES;
				CLANG_WARN_ENUM_CONVERSION = YES;
				CLANG_WARN_INFINITE_RECURSION = YES;
				CLANG_WARN_INT_CONVERSION = YES;
				CLANG_WARN_NON_LITERAL_NULL_CONVERSION = YES;
				CLANG_WARN_OBJC_IMPLICIT_RETAIN_SELF = YES;
				CLANG_WARN_OBJC_LITERAL_CONVERSION = YES;
				CLANG_WARN_OBJC_ROOT_CLASS = YES_ERROR;
				CLANG_WARN_QUOTED_INCLUDE_IN_FRAMEWORK_HEADER = YES;
				CLANG_WARN_RANGE_LOOP_ANALYSIS = YES;
				CLANG_WARN_STRICT_PROTOTYPES = YES;
				CLANG_WARN_SUSPICIOUS_MOVE = YES;
				CLANG_WARN_UNGUARDED_AVAILABILITY = YES_AGGRESSIVE;
				CLANG_WARN_UNREACHABLE_CODE = YES;
				CLANG_WARN__DUPLICATE_METHOD_MATCH = YES;
				COPY_PHASE_STRIP = NO;
				DEBUG_INFORMATION_FORMAT = "dwarf-with-dsym";
				ENABLE_NS_ASSERTIONS = NO;
				ENABLE_STRICT_OBJC_MSGSEND = YES;
				ENABLE_USER_SCRIPT_SANDBOXING = YES;
				GCC_C_LANGUAGE_STANDARD = gnu17;
				GCC_NO_COMMON_BLOCKS = YES;
				GCC_WARN_64_TO_32_BIT_CONVERSION = YES;
				GCC_WARN_ABOUT_RETURN_TYPE = YES_ERROR;
				GCC_WARN_UNDECLARED_SELECTOR = YES;
				GCC_WARN_UNINITIALIZED_AUTOS = YES_AGGRESSIVE;
				GCC_WARN_UNUSED_FUNCTION = YES;
				GCC_WARN_UNUSED_VARIABLE = YES;
				IPHONEOS_DEPLOYMENT_TARGET = 17.5;
				LOCALIZATION_PREFERS_STRING_CATALOGS = YES;
				MTL_ENABLE_DEBUG_INFO = NO;
				MTL_FAST_MATH = YES;
				SDKROOT = iphoneos;
				SWIFT_COMPILATION_MODE = wholemodule;
				VALIDATE_PRODUCT = YES;
			};
			name = Release;
		};
		FB09A8E82CB43C1100BADC4C /* Debug */ = {
			isa = XCBuildConfiguration;
			buildSettings = {
				ASSETCATALOG_COMPILER_APPICON_NAME = AppIcon;
				ASSETCATALOG_COMPILER_GLOBAL_ACCENT_COLOR_NAME = AccentColor;
				CODE_SIGN_STYLE = Automatic;
				CURRENT_PROJECT_VERSION = 1;
				GENERATE_INFOPLIST_FILE = YES;
				INFOPLIST_FILE = boceto_2_CellView/Info.plist;
				INFOPLIST_KEY_UIApplicationSupportsIndirectInputEvents = YES;
				INFOPLIST_KEY_UILaunchStoryboardName = LaunchScreen;
				INFOPLIST_KEY_UIMainStoryboardFile = Main;
				INFOPLIST_KEY_UISupportedInterfaceOrientations_iPad = "UIInterfaceOrientationPortrait UIInterfaceOrientationPortraitUpsideDown UIInterfaceOrientationLandscapeLeft UIInterfaceOrientationLandscapeRight";
				INFOPLIST_KEY_UISupportedInterfaceOrientations_iPhone = "UIInterfaceOrientationPortrait UIInterfaceOrientationLandscapeLeft UIInterfaceOrientationLandscapeRight";
				LD_RUNPATH_SEARCH_PATHS = (
					"$(inherited)",
					"@executable_path/Frameworks",
				);
				MARKETING_VERSION = 1.0;
				PRODUCT_BUNDLE_IDENTIFIER = "mx.uacj.bocetos.boceto.2.boceto-2-CellView";
				PRODUCT_NAME = "$(TARGET_NAME)";
				SWIFT_EMIT_LOC_STRINGS = YES;
				SWIFT_VERSION = 5.0;
				TARGETED_DEVICE_FAMILY = "1,2";
			};
			name = Debug;
		};
		FB09A8E92CB43C1100BADC4C /* Release */ = {
			isa = XCBuildConfiguration;
			buildSettings = {
				ASSETCATALOG_COMPILER_APPICON_NAME = AppIcon;
				ASSETCATALOG_COMPILER_GLOBAL_ACCENT_COLOR_NAME = AccentColor;
				CODE_SIGN_STYLE = Automatic;
				CURRENT_PROJECT_VERSION = 1;
				GENERATE_INFOPLIST_FILE = YES;
				INFOPLIST_FILE = boceto_2_CellView/Info.plist;
				INFOPLIST_KEY_UIApplicationSupportsIndirectInputEvents = YES;
				INFOPLIST_KEY_UILaunchStoryboardName = LaunchScreen;
				INFOPLIST_KEY_UIMainStoryboardFile = Main;
				INFOPLIST_KEY_UISupportedInterfaceOrientations_iPad = "UIInterfaceOrientationPortrait UIInterfaceOrientationPortraitUpsideDown UIInterfaceOrientationLandscapeLeft UIInterfaceOrientationLandscapeRight";
				INFOPLIST_KEY_UISupportedInterfaceOrientations_iPhone = "UIInterfaceOrientationPortrait UIInterfaceOrientationLandscapeLeft UIInterfaceOrientationLandscapeRight";
				LD_RUNPATH_SEARCH_PATHS = (
					"$(inherited)",
					"@executable_path/Frameworks",
				);
				MARKETING_VERSION = 1.0;
				PRODUCT_BUNDLE_IDENTIFIER = "mx.uacj.bocetos.boceto.2.boceto-2-CellView";
				PRODUCT_NAME = "$(TARGET_NAME)";
				SWIFT_EMIT_LOC_STRINGS = YES;
				SWIFT_VERSION = 5.0;
				TARGETED_DEVICE_FAMILY = "1,2";
			};
			name = Release;
		};
		FB09A8EB2CB43C1100BADC4C /* Debug */ = {
			isa = XCBuildConfiguration;
			buildSettings = {
				ALWAYS_EMBED_SWIFT_STANDARD_LIBRARIES = YES;
				BUNDLE_LOADER = "$(TEST_HOST)";
				CODE_SIGN_STYLE = Automatic;
				CURRENT_PROJECT_VERSION = 1;
				GENERATE_INFOPLIST_FILE = YES;
				IPHONEOS_DEPLOYMENT_TARGET = 17.5;
				MARKETING_VERSION = 1.0;
				PRODUCT_BUNDLE_IDENTIFIER = "mx.uacj.bocetos.boceto.2.boceto-2-CellViewTests";
				PRODUCT_NAME = "$(TARGET_NAME)";
				SWIFT_EMIT_LOC_STRINGS = NO;
				SWIFT_VERSION = 5.0;
				TARGETED_DEVICE_FAMILY = "1,2";
				TEST_HOST = "$(BUILT_PRODUCTS_DIR)/boceto_2_CellView.app/$(BUNDLE_EXECUTABLE_FOLDER_PATH)/boceto_2_CellView";
			};
			name = Debug;
		};
		FB09A8EC2CB43C1100BADC4C /* Release */ = {
			isa = XCBuildConfiguration;
			buildSettings = {
				ALWAYS_EMBED_SWIFT_STANDARD_LIBRARIES = YES;
				BUNDLE_LOADER = "$(TEST_HOST)";
				CODE_SIGN_STYLE = Automatic;
				CURRENT_PROJECT_VERSION = 1;
				GENERATE_INFOPLIST_FILE = YES;
				IPHONEOS_DEPLOYMENT_TARGET = 17.5;
				MARKETING_VERSION = 1.0;
				PRODUCT_BUNDLE_IDENTIFIER = "mx.uacj.bocetos.boceto.2.boceto-2-CellViewTests";
				PRODUCT_NAME = "$(TARGET_NAME)";
				SWIFT_EMIT_LOC_STRINGS = NO;
				SWIFT_VERSION = 5.0;
				TARGETED_DEVICE_FAMILY = "1,2";
				TEST_HOST = "$(BUILT_PRODUCTS_DIR)/boceto_2_CellView.app/$(BUNDLE_EXECUTABLE_FOLDER_PATH)/boceto_2_CellView";
			};
			name = Release;
		};
		FB09A8EE2CB43C1100BADC4C /* Debug */ = {
			isa = XCBuildConfiguration;
			buildSettings = {
				ALWAYS_EMBED_SWIFT_STANDARD_LIBRARIES = YES;
				CODE_SIGN_STYLE = Automatic;
				CURRENT_PROJECT_VERSION = 1;
				GENERATE_INFOPLIST_FILE = YES;
				MARKETING_VERSION = 1.0;
				PRODUCT_BUNDLE_IDENTIFIER = "mx.uacj.bocetos.boceto.2.boceto-2-CellViewUITests";
				PRODUCT_NAME = "$(TARGET_NAME)";
				SWIFT_EMIT_LOC_STRINGS = NO;
				SWIFT_VERSION = 5.0;
				TARGETED_DEVICE_FAMILY = "1,2";
				TEST_TARGET_NAME = boceto_2_CellView;
			};
			name = Debug;
		};
		FB09A8EF2CB43C1100BADC4C /* Release */ = {
			isa = XCBuildConfiguration;
			buildSettings = {
				ALWAYS_EMBED_SWIFT_STANDARD_LIBRARIES = YES;
				CODE_SIGN_STYLE = Automatic;
				CURRENT_PROJECT_VERSION = 1;
				GENERATE_INFOPLIST_FILE = YES;
				MARKETING_VERSION = 1.0;
				PRODUCT_BUNDLE_IDENTIFIER = "mx.uacj.bocetos.boceto.2.boceto-2-CellViewUITests";
				PRODUCT_NAME = "$(TARGET_NAME)";
				SWIFT_EMIT_LOC_STRINGS = NO;
				SWIFT_VERSION = 5.0;
				TARGETED_DEVICE_FAMILY = "1,2";
				TEST_TARGET_NAME = boceto_2_CellView;
			};
			name = Release;
		};
/* End XCBuildConfiguration section */

/* Begin XCConfigurationList section */
		FB09A8B82CB43C1000BADC4C /* Build configuration list for PBXProject "boceto_2_CellView" */ = {
			isa = XCConfigurationList;
			buildConfigurations = (
				FB09A8E52CB43C1100BADC4C /* Debug */,
				FB09A8E62CB43C1100BADC4C /* Release */,
			);
			defaultConfigurationIsVisible = 0;
			defaultConfigurationName = Release;
		};
		FB09A8E72CB43C1100BADC4C /* Build configuration list for PBXNativeTarget "boceto_2_CellView" */ = {
			isa = XCConfigurationList;
			buildConfigurations = (
				FB09A8E82CB43C1100BADC4C /* Debug */,
				FB09A8E92CB43C1100BADC4C /* Release */,
			);
			defaultConfigurationIsVisible = 0;
			defaultConfigurationName = Release;
		};
		FB09A8EA2CB43C1100BADC4C /* Build configuration list for PBXNativeTarget "boceto_2_CellViewTests" */ = {
			isa = XCConfigurationList;
			buildConfigurations = (
				FB09A8EB2CB43C1100BADC4C /* Debug */,
				FB09A8EC2CB43C1100BADC4C /* Release */,
			);
			defaultConfigurationIsVisible = 0;
			defaultConfigurationName = Release;
		};
		FB09A8ED2CB43C1100BADC4C /* Build configuration list for PBXNativeTarget "boceto_2_CellViewUITests" */ = {
			isa = XCConfigurationList;
			buildConfigurations = (
				FB09A8EE2CB43C1100BADC4C /* Debug */,
				FB09A8EF2CB43C1100BADC4C /* Release */,
			);
			defaultConfigurationIsVisible = 0;
			defaultConfigurationName = Release;
		};
/* End XCConfigurationList section */
	};
	rootObject = FB09A8B52CB43C1000BADC4C /* Project object */;
}
